
Microsoft Visual Studio Solution File, Format Version 12.00
# Visual Studio 15
VisualStudioVersion = 15.0.28307.421
MinimumVisualStudioVersion = 10.0.40219.1
Project("{2150E333-8FDC-42A3-9474-1A3956D46DE8}") = "src", "src", "{F2FCDAB4-2F84-43FA-A436-162D5607C537}"
EndProject
Project("{FAE04EC0-301F-11D3-BF4B-00C04F79EFBC}") = "StudentManagementSystem.WebUI", "src\StudentManagementSystem.WebUI\StudentManagementSystem.WebUI.csproj", "{6BD3AD52-D33F-4D71-B088-FBFD6789811C}"
EndProject
Project("{FAE04EC0-301F-11D3-BF4B-00C04F79EFBC}") = "StudentManagementSystem.Data", "StudentManagementSystem.Data\StudentManagementSystem.Data.csproj", "{1B9391CB-B44F-416D-A0F5-47E02451846B}"
EndProject
Project("{FAE04EC0-301F-11D3-BF4B-00C04F79EFBC}") = "StudentManagementSystem.Business", "StudentManagementSystem.Business\StudentManagementSystem.Business.csproj", "{0CC67962-FDB0-4A56-9506-BCF42970FF7C}"
EndProject
Global
	GlobalSection(SolutionConfigurationPlatforms) = preSolution
		Debug|Any CPU = Debug|Any CPU
		Release|Any CPU = Release|Any CPU
	EndGlobalSection
	GlobalSection(ProjectConfigurationPlatforms) = postSolution
		{6BD3AD52-D33F-4D71-B088-FBFD6789811C}.Debug|Any CPU.ActiveCfg = Debug|Any CPU
		{6BD3AD52-D33F-4D71-B088-FBFD6789811C}.Debug|Any CPU.Build.0 = Debug|Any CPU
		{6BD3AD52-D33F-4D71-B088-FBFD6789811C}.Release|Any CPU.ActiveCfg = Release|Any CPU
		{6BD3AD52-D33F-4D71-B088-FBFD6789811C}.Release|Any CPU.Build.0 = Release|Any CPU
		{1B9391CB-B44F-416D-A0F5-47E02451846B}.Debug|Any CPU.ActiveCfg = Debug|Any CPU
		{1B9391CB-B44F-416D-A0F5-47E02451846B}.Debug|Any CPU.Build.0 = Debug|Any CPU
		{1B9391CB-B44F-416D-A0F5-47E02451846B}.Release|Any CPU.ActiveCfg = Release|Any CPU
		{1B9391CB-B44F-416D-A0F5-47E02451846B}.Release|Any CPU.Build.0 = Release|Any CPU
		{0CC67962-FDB0-4A56-9506-BCF42970FF7C}.Debug|Any CPU.ActiveCfg = Debug|Any CPU
		{0CC67962-FDB0-4A56-9506-BCF42970FF7C}.Debug|Any CPU.Build.0 = Debug|Any CPU
		{0CC67962-FDB0-4A56-9506-BCF42970FF7C}.Release|Any CPU.ActiveCfg = Release|Any CPU
		{0CC67962-FDB0-4A56-9506-BCF42970FF7C}.Release|Any CPU.Build.0 = Release|Any CPU
	EndGlobalSection
	GlobalSection(SolutionProperties) = preSolution
		HideSolutionNode = FALSE
	EndGlobalSection
	GlobalSection(NestedProjects) = preSolution
		{6BD3AD52-D33F-4D71-B088-FBFD6789811C} = {F2FCDAB4-2F84-43FA-A436-162D5607C537}
		{1B9391CB-B44F-416D-A0F5-47E02451846B} = {F2FCDAB4-2F84-43FA-A436-162D5607C537}
		{0CC67962-FDB0-4A56-9506-BCF42970FF7C} = {F2FCDAB4-2F84-43FA-A436-162D5607C537}
	EndGlobalSection
	GlobalSection(ExtensibilityGlobals) = postSolution
		SolutionGuid = {AEE66A3E-1886-4954-B0F1-835CA72C9E3F}
	EndGlobalSection
EndGlobal
