
Microsoft Visual Studio Solution File, Format Version 12.00
# Visual Studio 15
VisualStudioVersion = 15.0.28307.421
MinimumVisualStudioVersion = 10.0.40219.1
Project("{2150E333-8FDC-42A3-9474-1A3956D46DE8}") = "src", "src", "{F2FCDAB4-2F84-43FA-A436-162D5607C537}"
EndProject
Project("{9A19103F-16F7-4668-BE54-9A1E7A4F7556}") = "StudentManagementSystem.WebUI", "src\StudentManagementSystem.WebUI\StudentManagementSystem.WebUI.csproj", "{6BD3AD52-D33F-4D71-B088-FBFD6789811C}"
EndProject
Project("{9A19103F-16F7-4668-BE54-9A1E7A4F7556}") = "StudentManagementSystem.Business", "src\StudentManagementSystem.Business\StudentManagementSystem.Business.csproj", "{0CC67962-FDB0-4A56-9506-BCF42970FF7C}"
EndProject
Project("{2150E333-8FDC-42A3-9474-1A3956D46DE8}") = "test", "test", "{9E125C65-C384-4F20-B532-1D11429F376D}"
EndProject
Project("{9A19103F-16F7-4668-BE54-9A1E7A4F7556}") = "StudentManagementNUnitTest", "test\StudentManagementNUnitTest\StudentManagementNUnitTest.csproj", "{812F25C1-AF3E-4E57-AA1B-7FA46DE6BC8A}"
EndProject
Project("{9A19103F-16F7-4668-BE54-9A1E7A4F7556}") = "StudentManagementSystem.Data", "src\StudentManagementSystem.Data\StudentManagementSystem.Data.csproj", "{67A3F023-EBC4-45FC-83DD-5DA6A82DDCA6}"
EndProject
Global
	GlobalSection(SolutionConfigurationPlatforms) = preSolution
		Debug|Any CPU = Debug|Any CPU
		Release|Any CPU = Release|Any CPU
	EndGlobalSection
	GlobalSection(ProjectConfigurationPlatforms) = postSolution
		{6BD3AD52-D33F-4D71-B088-FBFD6789811C}.Debug|Any CPU.ActiveCfg = Debug|Any CPU
		{6BD3AD52-D33F-4D71-B088-FBFD6789811C}.Debug|Any CPU.Build.0 = Debug|Any CPU
		{6BD3AD52-D33F-4D71-B088-FBFD6789811C}.Release|Any CPU.ActiveCfg = Release|Any CPU
		{6BD3AD52-D33F-4D71-B088-FBFD6789811C}.Release|Any CPU.Build.0 = Release|Any CPU
		{0CC67962-FDB0-4A56-9506-BCF42970FF7C}.Debug|Any CPU.ActiveCfg = Debug|Any CPU
		{0CC67962-FDB0-4A56-9506-BCF42970FF7C}.Debug|Any CPU.Build.0 = Debug|Any CPU
		{0CC67962-FDB0-4A56-9506-BCF42970FF7C}.Release|Any CPU.ActiveCfg = Release|Any CPU
		{0CC67962-FDB0-4A56-9506-BCF42970FF7C}.Release|Any CPU.Build.0 = Release|Any CPU
		{812F25C1-AF3E-4E57-AA1B-7FA46DE6BC8A}.Debug|Any CPU.ActiveCfg = Debug|Any CPU
		{812F25C1-AF3E-4E57-AA1B-7FA46DE6BC8A}.Debug|Any CPU.Build.0 = Debug|Any CPU
		{812F25C1-AF3E-4E57-AA1B-7FA46DE6BC8A}.Release|Any CPU.ActiveCfg = Release|Any CPU
		{812F25C1-AF3E-4E57-AA1B-7FA46DE6BC8A}.Release|Any CPU.Build.0 = Release|Any CPU
		{67A3F023-EBC4-45FC-83DD-5DA6A82DDCA6}.Debug|Any CPU.ActiveCfg = Debug|Any CPU
		{67A3F023-EBC4-45FC-83DD-5DA6A82DDCA6}.Debug|Any CPU.Build.0 = Debug|Any CPU
		{67A3F023-EBC4-45FC-83DD-5DA6A82DDCA6}.Release|Any CPU.ActiveCfg = Release|Any CPU
		{67A3F023-EBC4-45FC-83DD-5DA6A82DDCA6}.Release|Any CPU.Build.0 = Release|Any CPU
	EndGlobalSection
	GlobalSection(SolutionProperties) = preSolution
		HideSolutionNode = FALSE
	EndGlobalSection
	GlobalSection(NestedProjects) = preSolution
		{6BD3AD52-D33F-4D71-B088-FBFD6789811C} = {F2FCDAB4-2F84-43FA-A436-162D5607C537}
		{0CC67962-FDB0-4A56-9506-BCF42970FF7C} = {F2FCDAB4-2F84-43FA-A436-162D5607C537}
		{812F25C1-AF3E-4E57-AA1B-7FA46DE6BC8A} = {9E125C65-C384-4F20-B532-1D11429F376D}
		{67A3F023-EBC4-45FC-83DD-5DA6A82DDCA6} = {F2FCDAB4-2F84-43FA-A436-162D5607C537}
	EndGlobalSection
	GlobalSection(ExtensibilityGlobals) = postSolution
		SolutionGuid = {AEE66A3E-1886-4954-B0F1-835CA72C9E3F}
	EndGlobalSection
EndGlobal
