
Microsoft Visual Studio Solution File, Format Version 12.00
# Visual Studio Version 16
VisualStudioVersion = 16.0.28803.202
MinimumVisualStudioVersion = 10.0.40219.1
Project("{9A19103F-16F7-4668-BE54-9A1E7A4F7556}") = "Example.CoreShareds", "Example.CoreShareds\Example.CoreShareds.csproj", "{403B9D75-D1EB-4BD9-928B-C4A496AE7221}"
EndProject
Project("{FAE04EC0-301F-11D3-BF4B-00C04F79EFBC}") = "Example.GenericServiceControllers", "Example.GenericServiceControllers\Example.GenericServiceControllers.csproj", "{0376CA33-9E13-475F-906E-6A2D1FD2776D}"
EndProject
Global
	GlobalSection(SolutionConfigurationPlatforms) = preSolution
		Debug|Any CPU = Debug|Any CPU
		Release|Any CPU = Release|Any CPU
	EndGlobalSection
	GlobalSection(ProjectConfigurationPlatforms) = postSolution
		{403B9D75-D1EB-4BD9-928B-C4A496AE7221}.Debug|Any CPU.ActiveCfg = Debug|Any CPU
		{403B9D75-D1EB-4BD9-928B-C4A496AE7221}.Debug|Any CPU.Build.0 = Debug|Any CPU
		{403B9D75-D1EB-4BD9-928B-C4A496AE7221}.Release|Any CPU.ActiveCfg = Release|Any CPU
		{403B9D75-D1EB-4BD9-928B-C4A496AE7221}.Release|Any CPU.Build.0 = Release|Any CPU
		{0376CA33-9E13-475F-906E-6A2D1FD2776D}.Debug|Any CPU.ActiveCfg = Debug|Any CPU
		{0376CA33-9E13-475F-906E-6A2D1FD2776D}.Debug|Any CPU.Build.0 = Debug|Any CPU
		{0376CA33-9E13-475F-906E-6A2D1FD2776D}.Release|Any CPU.ActiveCfg = Release|Any CPU
		{0376CA33-9E13-475F-906E-6A2D1FD2776D}.Release|Any CPU.Build.0 = Release|Any CPU
	EndGlobalSection
	GlobalSection(SolutionProperties) = preSolution
		HideSolutionNode = FALSE
	EndGlobalSection
	GlobalSection(ExtensibilityGlobals) = postSolution
		SolutionGuid = {07D11A74-8B98-4B41-9E48-E9EAFA1AB532}
	EndGlobalSection
EndGlobal
