
Microsoft Visual Studio Solution File, Format Version 12.00
# Visual Studio 15
VisualStudioVersion = 15.0.28307.421
MinimumVisualStudioVersion = 10.0.40219.1
Project("{9A19103F-16F7-4668-BE54-9A1E7A4F7556}") = "Example.CoreShareds", "Example.CoreShareds\Example.CoreShareds.csproj", "{403B9D75-D1EB-4BD9-928B-C4A496AE7221}"
EndProject
Global
	GlobalSection(SolutionConfigurationPlatforms) = preSolution
		Debug|Any CPU = Debug|Any CPU
		Release|Any CPU = Release|Any CPU
	EndGlobalSection
	GlobalSection(ProjectConfigurationPlatforms) = postSolution
		{403B9D75-D1EB-4BD9-928B-C4A496AE7221}.Debug|Any CPU.ActiveCfg = Debug|Any CPU
		{403B9D75-D1EB-4BD9-928B-C4A496AE7221}.Debug|Any CPU.Build.0 = Debug|Any CPU
		{403B9D75-D1EB-4BD9-928B-C4A496AE7221}.Release|Any CPU.ActiveCfg = Release|Any CPU
		{403B9D75-D1EB-4BD9-928B-C4A496AE7221}.Release|Any CPU.Build.0 = Release|Any CPU
	EndGlobalSection
	GlobalSection(SolutionProperties) = preSolution
		HideSolutionNode = FALSE
	EndGlobalSection
	GlobalSection(ExtensibilityGlobals) = postSolution
		SolutionGuid = {07D11A74-8B98-4B41-9E48-E9EAFA1AB532}
	EndGlobalSection
EndGlobal
